
Microsoft Visual Studio Solution File, Format Version 12.00
# Visual Studio Version 17
VisualStudioVersion = 17.3.32929.385
MinimumVisualStudioVersion = 10.0.40219.1
Project("{FAE04EC0-301F-11D3-BF4B-00C04F79EFBC}") = "basicToMordern", "basicToMordern\basicToMordern.csproj", "{59772890-07E5-46F7-9249-61B84ECF453A}"
EndProject
Global
	GlobalSection(SolutionConfigurationPlatforms) = preSolution
		Debug|Any CPU = Debug|Any CPU
		Release|Any CPU = Release|Any CPU
	EndGlobalSection
	GlobalSection(ProjectConfigurationPlatforms) = postSolution
		{59772890-07E5-46F7-9249-61B84ECF453A}.Debug|Any CPU.ActiveCfg = Debug|Any CPU
		{59772890-07E5-46F7-9249-61B84ECF453A}.Debug|Any CPU.Build.0 = Debug|Any CPU
		{59772890-07E5-46F7-9249-61B84ECF453A}.Release|Any CPU.ActiveCfg = Release|Any CPU
		{59772890-07E5-46F7-9249-61B84ECF453A}.Release|Any CPU.Build.0 = Release|Any CPU
	EndGlobalSection
	GlobalSection(SolutionProperties) = preSolution
		HideSolutionNode = FALSE
	EndGlobalSection
	GlobalSection(ExtensibilityGlobals) = postSolution
		SolutionGuid = {6CA30349-E0EE-4AB9-8EEC-AEA242A5436A}
	EndGlobalSection
EndGlobal
